
Microsoft Visual Studio Solution File, Format Version 12.00
# Visual Studio Version 17
VisualStudioVersion = 17.3.32922.545
MinimumVisualStudioVersion = 10.0.40219.1
Project("{FAE04EC0-301F-11D3-BF4B-00C04F79EFBC}") = "MvcMovie", "MvcMovie\MvcMovie.csproj", "{CD3FB435-80E7-4D89-BEA4-F9C87672B1BD}"
EndProject
Global
	GlobalSection(SolutionConfigurationPlatforms) = preSolution
		Debug|Any CPU = Debug|Any CPU
		Release|Any CPU = Release|Any CPU
	EndGlobalSection
	GlobalSection(ProjectConfigurationPlatforms) = postSolution
		{CD3FB435-80E7-4D89-BEA4-F9C87672B1BD}.Debug|Any CPU.ActiveCfg = Debug|Any CPU
		{CD3FB435-80E7-4D89-BEA4-F9C87672B1BD}.Debug|Any CPU.Build.0 = Debug|Any CPU
		{CD3FB435-80E7-4D89-BEA4-F9C87672B1BD}.Release|Any CPU.ActiveCfg = Release|Any CPU
		{CD3FB435-80E7-4D89-BEA4-F9C87672B1BD}.Release|Any CPU.Build.0 = Release|Any CPU
	EndGlobalSection
	GlobalSection(SolutionProperties) = preSolution
		HideSolutionNode = FALSE
	EndGlobalSection
	GlobalSection(ExtensibilityGlobals) = postSolution
		SolutionGuid = {7EE1B5C6-0857-4DF7-B44F-3C309251F081}
	EndGlobalSection
EndGlobal
